
Microsoft Visual Studio Solution File, Format Version 12.00
# Visual Studio 2013
VisualStudioVersion = 12.0.21005.1
MinimumVisualStudioVersion = 10.0.40219.1
Project("{8BC9CEB8-8B4A-11D0-8D11-00A0C91BC942}") = "HW", "HW.vcxproj", "{E3953B25-6B8D-445D-A1C2-8E629055A3BF}"
EndProject
Global
	GlobalSection(SolutionConfigurationPlatforms) = preSolution
		Debug|Win32 = Debug|Win32
		Release|Win32 = Release|Win32
	EndGlobalSection
	GlobalSection(ProjectConfigurationPlatforms) = postSolution
		{E3953B25-6B8D-445D-A1C2-8E629055A3BF}.Debug|Win32.ActiveCfg = Debug|Win32
		{E3953B25-6B8D-445D-A1C2-8E629055A3BF}.Debug|Win32.Build.0 = Debug|Win32
		{E3953B25-6B8D-445D-A1C2-8E629055A3BF}.Release|Win32.ActiveCfg = Release|Win32
		{E3953B25-6B8D-445D-A1C2-8E629055A3BF}.Release|Win32.Build.0 = Release|Win32
	EndGlobalSection
	GlobalSection(SolutionProperties) = preSolution
		HideSolutionNode = FALSE
	EndGlobalSection
EndGlobal
